// !$*UTF8*$!
{
	archiveVersion = 1;
	classes = {
	};
	objectVersion = 55;
	objects = {

/* Begin PBXBuildFile section */
		AE11265B27F18150002D512A /* SurvivalScene.swift in Sources */ = {isa = PBXBuildFile; fileRef = AE11265A27F18150002D512A /* SurvivalScene.swift */; };
		AE11265D27F18165002D512A /* SurvivalScene.sks in Resources */ = {isa = PBXBuildFile; fileRef = AE11265C27F18165002D512A /* SurvivalScene.sks */; };
		AE30BBFB27F3BF080054EA8D /* MenuScene.swift in Sources */ = {isa = PBXBuildFile; fileRef = AE30BBFA27F3BF080054EA8D /* MenuScene.swift */; };
		AE4AA31627CF4E9500F2149D /* AppDelegate.swift in Sources */ = {isa = PBXBuildFile; fileRef = AE4AA31527CF4E9500F2149D /* AppDelegate.swift */; };
		AE4AA31827CF4E9500F2149D /* GameScene.sks in Resources */ = {isa = PBXBuildFile; fileRef = AE4AA31727CF4E9500F2149D /* GameScene.sks */; };
		AE4AA31A27CF4E9500F2149D /* Actions.sks in Resources */ = {isa = PBXBuildFile; fileRef = AE4AA31927CF4E9500F2149D /* Actions.sks */; };
		AE4AA31C27CF4E9500F2149D /* GameScene.swift in Sources */ = {isa = PBXBuildFile; fileRef = AE4AA31B27CF4E9500F2149D /* GameScene.swift */; };
		AE4AA31E27CF4E9500F2149D /* GameViewController.swift in Sources */ = {isa = PBXBuildFile; fileRef = AE4AA31D27CF4E9500F2149D /* GameViewController.swift */; };
		AE4AA32127CF4E9500F2149D /* Main.storyboard in Resources */ = {isa = PBXBuildFile; fileRef = AE4AA31F27CF4E9500F2149D /* Main.storyboard */; };
		AE4AA32327CF4E9600F2149D /* Assets.xcassets in Resources */ = {isa = PBXBuildFile; fileRef = AE4AA32227CF4E9600F2149D /* Assets.xcassets */; };
		AE5B3F8627E6C98900A86AE6 /* GameSceneBot.sks in Resources */ = {isa = PBXBuildFile; fileRef = AE5B3F8527E6C98900A86AE6 /* GameSceneBot.sks */; };
		AE5B3F8827E6C99900A86AE6 /* GameSceneBot.swift in Sources */ = {isa = PBXBuildFile; fileRef = AE5B3F8727E6C99900A86AE6 /* GameSceneBot.swift */; };
		AE5B3F8B27E6E2F700A86AE6 /* LevelScene.sks in Resources */ = {isa = PBXBuildFile; fileRef = AE5B3F8A27E6E2F700A86AE6 /* LevelScene.sks */; };
		AE5B3F8D27E6E30A00A86AE6 /* LevelScene.swift in Sources */ = {isa = PBXBuildFile; fileRef = AE5B3F8C27E6E30A00A86AE6 /* LevelScene.swift */; };
		AE7D8E7E27D02B0800BF34F6 /* StrExt.swift in Sources */ = {isa = PBXBuildFile; fileRef = AE7D8E7D27D02B0800BF34F6 /* StrExt.swift */; };
		AE8E3A7927FA5C0C0097D87A /* ViewController.swift in Sources */ = {isa = PBXBuildFile; fileRef = AE8E3A7827FA5C0C0097D87A /* ViewController.swift */; };
		AE8E3A7D27FA8DE90097D87A /* StackViewScene.swift in Sources */ = {isa = PBXBuildFile; fileRef = AE8E3A7C27FA8DE90097D87A /* StackViewScene.swift */; };
		AE8E3A7F27FAAFCD0097D87A /* UIColorExt.swift in Sources */ = {isa = PBXBuildFile; fileRef = AE8E3A7E27FAAFCD0097D87A /* UIColorExt.swift */; };
		AE8E3A8127FAB39D0097D87A /* StrategyMenuScene.swift in Sources */ = {isa = PBXBuildFile; fileRef = AE8E3A8027FAB39D0097D87A /* StrategyMenuScene.swift */; };
		AE8E3A8327FAB3FA0097D87A /* StrategyMenuScene.sks in Resources */ = {isa = PBXBuildFile; fileRef = AE8E3A8227FAB3FA0097D87A /* StrategyMenuScene.sks */; };
		AEB892A927DC491C00632AE4 /* MenuScene_old.swift in Sources */ = {isa = PBXBuildFile; fileRef = AEB892A827DC491C00632AE4 /* MenuScene_old.swift */; };
		AEB892AD27DC4BFD00632AE4 /* MenuScene.sks in Resources */ = {isa = PBXBuildFile; fileRef = AEB892AC27DC4BFD00632AE4 /* MenuScene.sks */; };
		AEBA0F1E27FBFECE00931613 /* SettingsScene.swift in Sources */ = {isa = PBXBuildFile; fileRef = AEBA0F1D27FBFECE00931613 /* SettingsScene.swift */; };
		AEBA0F2027FBFED900931613 /* SettingsScene.sks in Resources */ = {isa = PBXBuildFile; fileRef = AEBA0F1F27FBFED900931613 /* SettingsScene.sks */; };
		AEBA0F2327FC16CC00931613 /* LearnMenuScene.swift in Sources */ = {isa = PBXBuildFile; fileRef = AEBA0F2227FC16CC00931613 /* LearnMenuScene.swift */; };
		AEBA0F2527FC16D800931613 /* LearnMenuScene.sks in Resources */ = {isa = PBXBuildFile; fileRef = AEBA0F2427FC16D800931613 /* LearnMenuScene.sks */; };
		AEC02CB827F520A3003484BD /* ViewLearn.swift in Sources */ = {isa = PBXBuildFile; fileRef = AEC02CB727F520A3003484BD /* ViewLearn.swift */; };
		AEC02CBA27F520AB003484BD /* ViewSurvival.swift in Sources */ = {isa = PBXBuildFile; fileRef = AEC02CB927F520AB003484BD /* ViewSurvival.swift */; };
		AEC02CBC27F520B5003484BD /* ViewBot.swift in Sources */ = {isa = PBXBuildFile; fileRef = AEC02CBB27F520B5003484BD /* ViewBot.swift */; };
		AEC02CBE27F520FB003484BD /* ContentView.swift in Sources */ = {isa = PBXBuildFile; fileRef = AEC02CBD27F520FB003484BD /* ContentView.swift */; };
		AED2D96D27E54AE30033E002 /* CloudEval.swift in Sources */ = {isa = PBXBuildFile; fileRef = AED2D96C27E54AE30033E002 /* CloudEval.swift */; };
		AED2D96F27E54CDA0033E002 /* Variation.swift in Sources */ = {isa = PBXBuildFile; fileRef = AED2D96E27E54CDA0033E002 /* Variation.swift */; };
		AEE071AE27DE6F5F007B4C7B /* UsefulVals.swift in Sources */ = {isa = PBXBuildFile; fileRef = AEE071AD27DE6F5F007B4C7B /* UsefulVals.swift */; };
		AEE071B027DE958C007B4C7B /* FenFiles in Resources */ = {isa = PBXBuildFile; fileRef = AEE071AF27DE958C007B4C7B /* FenFiles */; };
		AEE7D3FA27E1702600258C91 /* testEnPassantQueening_output.txt in Resources */ = {isa = PBXBuildFile; fileRef = AEE7D3F927E1702600258C91 /* testEnPassantQueening_output.txt */; };
/* End PBXBuildFile section */

/* Begin PBXFileReference section */
		AE11265A27F18150002D512A /* SurvivalScene.swift */ = {isa = PBXFileReference; lastKnownFileType = sourcecode.swift; path = SurvivalScene.swift; sourceTree = "<group>"; };
		AE11265C27F18165002D512A /* SurvivalScene.sks */ = {isa = PBXFileReference; lastKnownFileType = file.sks; path = SurvivalScene.sks; sourceTree = "<group>"; };
		AE16B3BE2C143FD000300E82 /* Chess.app */ = {isa = PBXFileReference; explicitFileType = wrapper.application; includeInIndex = 0; path = Chess.app; sourceTree = BUILT_PRODUCTS_DIR; };
		AE30BBFA27F3BF080054EA8D /* MenuScene.swift */ = {isa = PBXFileReference; lastKnownFileType = sourcecode.swift; path = MenuScene.swift; sourceTree = "<group>"; };
		AE4AA31527CF4E9500F2149D /* AppDelegate.swift */ = {isa = PBXFileReference; lastKnownFileType = sourcecode.swift; path = AppDelegate.swift; sourceTree = "<group>"; };
		AE4AA31727CF4E9500F2149D /* GameScene.sks */ = {isa = PBXFileReference; lastKnownFileType = file.sks; path = GameScene.sks; sourceTree = "<group>"; };
		AE4AA31927CF4E9500F2149D /* Actions.sks */ = {isa = PBXFileReference; lastKnownFileType = file.sks; path = Actions.sks; sourceTree = "<group>"; };
		AE4AA31B27CF4E9500F2149D /* GameScene.swift */ = {isa = PBXFileReference; lastKnownFileType = sourcecode.swift; path = GameScene.swift; sourceTree = "<group>"; };
		AE4AA31D27CF4E9500F2149D /* GameViewController.swift */ = {isa = PBXFileReference; lastKnownFileType = sourcecode.swift; path = GameViewController.swift; sourceTree = "<group>"; };
		AE4AA32027CF4E9500F2149D /* Base */ = {isa = PBXFileReference; lastKnownFileType = file.storyboard; name = Base; path = Base.lproj/Main.storyboard; sourceTree = "<group>"; };
		AE4AA32227CF4E9600F2149D /* Assets.xcassets */ = {isa = PBXFileReference; lastKnownFileType = folder.assetcatalog; path = Assets.xcassets; sourceTree = "<group>"; };
		AE5B3F8527E6C98900A86AE6 /* GameSceneBot.sks */ = {isa = PBXFileReference; lastKnownFileType = file.sks; path = GameSceneBot.sks; sourceTree = "<group>"; };
		AE5B3F8727E6C99900A86AE6 /* GameSceneBot.swift */ = {isa = PBXFileReference; lastKnownFileType = sourcecode.swift; path = GameSceneBot.swift; sourceTree = "<group>"; };
		AE5B3F8A27E6E2F700A86AE6 /* LevelScene.sks */ = {isa = PBXFileReference; lastKnownFileType = file.sks; path = LevelScene.sks; sourceTree = "<group>"; };
		AE5B3F8C27E6E30A00A86AE6 /* LevelScene.swift */ = {isa = PBXFileReference; lastKnownFileType = sourcecode.swift; path = LevelScene.swift; sourceTree = "<group>"; };
		AE7D8E7D27D02B0800BF34F6 /* StrExt.swift */ = {isa = PBXFileReference; lastKnownFileType = sourcecode.swift; path = StrExt.swift; sourceTree = "<group>"; };
		AE8E3A7827FA5C0C0097D87A /* ViewController.swift */ = {isa = PBXFileReference; lastKnownFileType = sourcecode.swift; path = ViewController.swift; sourceTree = "<group>"; };
		AE8E3A7C27FA8DE90097D87A /* StackViewScene.swift */ = {isa = PBXFileReference; lastKnownFileType = sourcecode.swift; path = StackViewScene.swift; sourceTree = "<group>"; };
		AE8E3A7E27FAAFCD0097D87A /* UIColorExt.swift */ = {isa = PBXFileReference; lastKnownFileType = sourcecode.swift; path = UIColorExt.swift; sourceTree = "<group>"; };
		AE8E3A8027FAB39D0097D87A /* StrategyMenuScene.swift */ = {isa = PBXFileReference; lastKnownFileType = sourcecode.swift; path = StrategyMenuScene.swift; sourceTree = "<group>"; };
		AE8E3A8227FAB3FA0097D87A /* StrategyMenuScene.sks */ = {isa = PBXFileReference; lastKnownFileType = file.sks; path = StrategyMenuScene.sks; sourceTree = "<group>"; };
		AEB892A827DC491C00632AE4 /* MenuScene_old.swift */ = {isa = PBXFileReference; lastKnownFileType = sourcecode.swift; path = MenuScene_old.swift; sourceTree = "<group>"; };
		AEB892AC27DC4BFD00632AE4 /* MenuScene.sks */ = {isa = PBXFileReference; lastKnownFileType = file.sks; path = MenuScene.sks; sourceTree = "<group>"; };
		AEBA0F1D27FBFECE00931613 /* SettingsScene.swift */ = {isa = PBXFileReference; lastKnownFileType = sourcecode.swift; path = SettingsScene.swift; sourceTree = "<group>"; };
		AEBA0F1F27FBFED900931613 /* SettingsScene.sks */ = {isa = PBXFileReference; lastKnownFileType = file.sks; path = SettingsScene.sks; sourceTree = "<group>"; };
		AEBA0F2227FC16CC00931613 /* LearnMenuScene.swift */ = {isa = PBXFileReference; lastKnownFileType = sourcecode.swift; path = LearnMenuScene.swift; sourceTree = "<group>"; };
		AEBA0F2427FC16D800931613 /* LearnMenuScene.sks */ = {isa = PBXFileReference; lastKnownFileType = file.sks; path = LearnMenuScene.sks; sourceTree = "<group>"; };
		AEC02CB727F520A3003484BD /* ViewLearn.swift */ = {isa = PBXFileReference; lastKnownFileType = sourcecode.swift; path = ViewLearn.swift; sourceTree = "<group>"; };
		AEC02CB927F520AB003484BD /* ViewSurvival.swift */ = {isa = PBXFileReference; lastKnownFileType = sourcecode.swift; path = ViewSurvival.swift; sourceTree = "<group>"; };
		AEC02CBB27F520B5003484BD /* ViewBot.swift */ = {isa = PBXFileReference; lastKnownFileType = sourcecode.swift; path = ViewBot.swift; sourceTree = "<group>"; };
		AEC02CBD27F520FB003484BD /* ContentView.swift */ = {isa = PBXFileReference; lastKnownFileType = sourcecode.swift; path = ContentView.swift; sourceTree = "<group>"; };
		AED2D96C27E54AE30033E002 /* CloudEval.swift */ = {isa = PBXFileReference; lastKnownFileType = sourcecode.swift; path = CloudEval.swift; sourceTree = "<group>"; };
		AED2D96E27E54CDA0033E002 /* Variation.swift */ = {isa = PBXFileReference; lastKnownFileType = sourcecode.swift; path = Variation.swift; sourceTree = "<group>"; };
		AEE071AD27DE6F5F007B4C7B /* UsefulVals.swift */ = {isa = PBXFileReference; lastKnownFileType = sourcecode.swift; path = UsefulVals.swift; sourceTree = "<group>"; };
		AEE071AF27DE958C007B4C7B /* FenFiles */ = {isa = PBXFileReference; lastKnownFileType = folder; path = FenFiles; sourceTree = "<group>"; };
		AEE7D3F927E1702600258C91 /* testEnPassantQueening_output.txt */ = {isa = PBXFileReference; fileEncoding = 4; lastKnownFileType = text; path = testEnPassantQueening_output.txt; sourceTree = "<group>"; };
/* End PBXFileReference section */

/* Begin PBXFrameworksBuildPhase section */
		AE4AA30F27CF4E9500F2149D /* Frameworks */ = {
			isa = PBXFrameworksBuildPhase;
			buildActionMask = 2147483647;
			files = (
			);
			runOnlyForDeploymentPostprocessing = 0;
		};
/* End PBXFrameworksBuildPhase section */

/* Begin PBXGroup section */
		AE11265E27F181A2002D512A /* Survival */ = {
			isa = PBXGroup;
			children = (
				AE8E3A8227FAB3FA0097D87A /* StrategyMenuScene.sks */,
				AE8E3A8027FAB39D0097D87A /* StrategyMenuScene.swift */,
				AE11265C27F18165002D512A /* SurvivalScene.sks */,
				AE11265A27F18150002D512A /* SurvivalScene.swift */,
			);
			path = Survival;
			sourceTree = "<group>";
		};
		AE11265F27F181F3002D512A /* Bot */ = {
			isa = PBXGroup;
			children = (
				AE5B3F8327E6C90400A86AE6 /* API Structs */,
				AE5B3F8527E6C98900A86AE6 /* GameSceneBot.sks */,
				AE5B3F8727E6C99900A86AE6 /* GameSceneBot.swift */,
			);
			path = Bot;
			sourceTree = "<group>";
		};
		AE11266027F1825A002D512A /* Miscellaneous */ = {
			isa = PBXGroup;
			children = (
				AE8E3A7C27FA8DE90097D87A /* StackViewScene.swift */,
				AEB892A827DC491C00632AE4 /* MenuScene_old.swift */,
				AE8E3A7827FA5C0C0097D87A /* ViewController.swift */,
				AEE7D3F927E1702600258C91 /* testEnPassantQueening_output.txt */,
				AE4AA31527CF4E9500F2149D /* AppDelegate.swift */,
				AE4AA31927CF4E9500F2149D /* Actions.sks */,
				AE5B3F8427E6C91000A86AE6 /* Extensions */,
			);
			path = Miscellaneous;
			sourceTree = "<group>";
		};
		AE11266127F18273002D512A /* Levels */ = {
			isa = PBXGroup;
			children = (
				AE5B3F8A27E6E2F700A86AE6 /* LevelScene.sks */,
				AE5B3F8C27E6E30A00A86AE6 /* LevelScene.swift */,
			);
			path = Levels;
			sourceTree = "<group>";
		};
		AE11266227F18281002D512A /* Main Menu */ = {
			isa = PBXGroup;
			children = (
				AEB892AC27DC4BFD00632AE4 /* MenuScene.sks */,
				AE30BBFA27F3BF080054EA8D /* MenuScene.swift */,
			);
			path = "Main Menu";
			sourceTree = "<group>";
		};
		AE4AA30927CF4E9500F2149D = {
			isa = PBXGroup;
			children = (
				AEC02CBF27F5210A003484BD /* Views */,
				AE4AA31427CF4E9500F2149D /* Chess */,
				AE16B3BE2C143FD000300E82 /* Chess.app */,
			);
			sourceTree = "<group>";
		};
		AE4AA31427CF4E9500F2149D /* Chess */ = {
			isa = PBXGroup;
			children = (
				AEBA0F2127FBFEE300931613 /* Settings */,
				AE5B3F8927E6CC4300A86AE6 /* GameScenes */,
				AE11266227F18281002D512A /* Main Menu */,
				AE11266127F18273002D512A /* Levels */,
				AE4AA31D27CF4E9500F2149D /* GameViewController.swift */,
				AEE071AD27DE6F5F007B4C7B /* UsefulVals.swift */,
				AE4AA32227CF4E9600F2149D /* Assets.xcassets */,
				AE4AA31F27CF4E9500F2149D /* Main.storyboard */,
				AE11266027F1825A002D512A /* Miscellaneous */,
				AEE071AF27DE958C007B4C7B /* FenFiles */,
			);
			path = Chess;
			sourceTree = "<group>";
		};
		AE5B3F8327E6C90400A86AE6 /* API Structs */ = {
			isa = PBXGroup;
			children = (
				AED2D96C27E54AE30033E002 /* CloudEval.swift */,
				AED2D96E27E54CDA0033E002 /* Variation.swift */,
			);
			path = "API Structs";
			sourceTree = "<group>";
		};
		AE5B3F8427E6C91000A86AE6 /* Extensions */ = {
			isa = PBXGroup;
			children = (
				AE7D8E7D27D02B0800BF34F6 /* StrExt.swift */,
				AE8E3A7E27FAAFCD0097D87A /* UIColorExt.swift */,
			);
			path = Extensions;
			sourceTree = "<group>";
		};
		AE5B3F8927E6CC4300A86AE6 /* GameScenes */ = {
			isa = PBXGroup;
			children = (
				AE4AA31727CF4E9500F2149D /* GameScene.sks */,
				AE4AA31B27CF4E9500F2149D /* GameScene.swift */,
				AEBA0F2627FC176200931613 /* Learn */,
				AE11265E27F181A2002D512A /* Survival */,
				AE11265F27F181F3002D512A /* Bot */,
			);
			path = GameScenes;
			sourceTree = "<group>";
		};
		AEBA0F2127FBFEE300931613 /* Settings */ = {
			isa = PBXGroup;
			children = (
				AEBA0F1F27FBFED900931613 /* SettingsScene.sks */,
				AEBA0F1D27FBFECE00931613 /* SettingsScene.swift */,
			);
			path = Settings;
			sourceTree = "<group>";
		};
		AEBA0F2627FC176200931613 /* Learn */ = {
			isa = PBXGroup;
			children = (
				AEBA0F2427FC16D800931613 /* LearnMenuScene.sks */,
				AEBA0F2227FC16CC00931613 /* LearnMenuScene.swift */,
			);
			path = Learn;
			sourceTree = "<group>";
		};
		AEC02CBF27F5210A003484BD /* Views */ = {
			isa = PBXGroup;
			children = (
				AEC02CBD27F520FB003484BD /* ContentView.swift */,
				AEC02CBB27F520B5003484BD /* ViewBot.swift */,
				AEC02CB927F520AB003484BD /* ViewSurvival.swift */,
				AEC02CB727F520A3003484BD /* ViewLearn.swift */,
			);
			path = Views;
			sourceTree = "<group>";
		};
/* End PBXGroup section */

/* Begin PBXNativeTarget section */
		AE4AA31127CF4E9500F2149D /* Chess */ = {
			isa = PBXNativeTarget;
			buildConfigurationList = AE4AA32927CF4E9600F2149D /* Build configuration list for PBXNativeTarget "Chess" */;
			buildPhases = (
				AE4AA30E27CF4E9500F2149D /* Sources */,
				AE4AA30F27CF4E9500F2149D /* Frameworks */,
				AE4AA31027CF4E9500F2149D /* Resources */,
			);
			buildRules = (
			);
			dependencies = (
			);
			name = Chess;
			productName = Chess;
			productReference = AE16B3BE2C143FD000300E82 /* Chess.app */;
			productType = "com.apple.product-type.application";
		};
/* End PBXNativeTarget section */

/* Begin PBXProject section */
		AE4AA30A27CF4E9500F2149D /* Project object */ = {
			isa = PBXProject;
			attributes = {
				BuildIndependentTargetsInParallel = 1;
				LastSwiftUpdateCheck = 1320;
				LastUpgradeCheck = 1320;
				TargetAttributes = {
					AE4AA31127CF4E9500F2149D = {
						CreatedOnToolsVersion = 13.2.1;
					};
				};
			};
			buildConfigurationList = AE4AA30D27CF4E9500F2149D /* Build configuration list for PBXProject "Chess" */;
			compatibilityVersion = "Xcode 13.0";
			developmentRegion = en;
			hasScannedForEncodings = 0;
			knownRegions = (
				en,
				Base,
			);
			mainGroup = AE4AA30927CF4E9500F2149D;
			productRefGroup = AE4AA30927CF4E9500F2149D;
			projectDirPath = "";
			projectRoot = "";
			targets = (
				AE4AA31127CF4E9500F2149D /* Chess */,
			);
		};
/* End PBXProject section */

/* Begin PBXResourcesBuildPhase section */
		AE4AA31027CF4E9500F2149D /* Resources */ = {
			isa = PBXResourcesBuildPhase;
			buildActionMask = 2147483647;
			files = (
				AEB892AD27DC4BFD00632AE4 /* MenuScene.sks in Resources */,
				AE5B3F8627E6C98900A86AE6 /* GameSceneBot.sks in Resources */,
				AEE071B027DE958C007B4C7B /* FenFiles in Resources */,
				AEBA0F2027FBFED900931613 /* SettingsScene.sks in Resources */,
				AE11265D27F18165002D512A /* SurvivalScene.sks in Resources */,
				AEE7D3FA27E1702600258C91 /* testEnPassantQueening_output.txt in Resources */,
				AE4AA32127CF4E9500F2149D /* Main.storyboard in Resources */,
				AE4AA31827CF4E9500F2149D /* GameScene.sks in Resources */,
				AE4AA32327CF4E9600F2149D /* Assets.xcassets in Resources */,
				AEBA0F2527FC16D800931613 /* LearnMenuScene.sks in Resources */,
				AE4AA31A27CF4E9500F2149D /* Actions.sks in Resources */,
				AE5B3F8B27E6E2F700A86AE6 /* LevelScene.sks in Resources */,
				AE8E3A8327FAB3FA0097D87A /* StrategyMenuScene.sks in Resources */,
			);
			runOnlyForDeploymentPostprocessing = 0;
		};
/* End PBXResourcesBuildPhase section */

/* Begin PBXSourcesBuildPhase section */
		AE4AA30E27CF4E9500F2149D /* Sources */ = {
			isa = PBXSourcesBuildPhase;
			buildActionMask = 2147483647;
			files = (
				AE4AA31C27CF4E9500F2149D /* GameScene.swift in Sources */,
				AEC02CB827F520A3003484BD /* ViewLearn.swift in Sources */,
				AEC02CBE27F520FB003484BD /* ContentView.swift in Sources */,
				AEE071AE27DE6F5F007B4C7B /* UsefulVals.swift in Sources */,
				AE11265B27F18150002D512A /* SurvivalScene.swift in Sources */,
				AE7D8E7E27D02B0800BF34F6 /* StrExt.swift in Sources */,
				AE8E3A7D27FA8DE90097D87A /* StackViewScene.swift in Sources */,
				AE8E3A7F27FAAFCD0097D87A /* UIColorExt.swift in Sources */,
				AED2D96D27E54AE30033E002 /* CloudEval.swift in Sources */,
				AE8E3A8127FAB39D0097D87A /* StrategyMenuScene.swift in Sources */,
				AE4AA31E27CF4E9500F2149D /* GameViewController.swift in Sources */,
				AEB892A927DC491C00632AE4 /* MenuScene_old.swift in Sources */,
				AE8E3A7927FA5C0C0097D87A /* ViewController.swift in Sources */,
				AE5B3F8827E6C99900A86AE6 /* GameSceneBot.swift in Sources */,
				AE4AA31627CF4E9500F2149D /* AppDelegate.swift in Sources */,
				AEBA0F1E27FBFECE00931613 /* SettingsScene.swift in Sources */,
				AEBA0F2327FC16CC00931613 /* LearnMenuScene.swift in Sources */,
				AEC02CBA27F520AB003484BD /* ViewSurvival.swift in Sources */,
				AE30BBFB27F3BF080054EA8D /* MenuScene.swift in Sources */,
				AED2D96F27E54CDA0033E002 /* Variation.swift in Sources */,
				AE5B3F8D27E6E30A00A86AE6 /* LevelScene.swift in Sources */,
				AEC02CBC27F520B5003484BD /* ViewBot.swift in Sources */,
			);
			runOnlyForDeploymentPostprocessing = 0;
		};
/* End PBXSourcesBuildPhase section */

/* Begin PBXVariantGroup section */
		AE4AA31F27CF4E9500F2149D /* Main.storyboard */ = {
			isa = PBXVariantGroup;
			children = (
				AE4AA32027CF4E9500F2149D /* Base */,
			);
			name = Main.storyboard;
			sourceTree = "<group>";
		};
/* End PBXVariantGroup section */

/* Begin XCBuildConfiguration section */
		AE4AA32727CF4E9600F2149D /* Debug */ = {
			isa = XCBuildConfiguration;
			buildSettings = {
				ALWAYS_SEARCH_USER_PATHS = NO;
				CLANG_ANALYZER_NONNULL = YES;
				CLANG_ANALYZER_NUMBER_OBJECT_CONVERSION = YES_AGGRESSIVE;
				CLANG_CXX_LANGUAGE_STANDARD = "gnu++17";
				CLANG_CXX_LIBRARY = "libc++";
				CLANG_ENABLE_MODULES = YES;
				CLANG_ENABLE_OBJC_ARC = YES;
				CLANG_ENABLE_OBJC_WEAK = YES;
				CLANG_WARN_BLOCK_CAPTURE_AUTORELEASING = YES;
				CLANG_WARN_BOOL_CONVERSION = YES;
				CLANG_WARN_COMMA = YES;
				CLANG_WARN_CONSTANT_CONVERSION = YES;
				CLANG_WARN_DEPRECATED_OBJC_IMPLEMENTATIONS = YES;
				CLANG_WARN_DIRECT_OBJC_ISA_USAGE = YES_ERROR;
				CLANG_WARN_DOCUMENTATION_COMMENTS = YES;
				CLANG_WARN_EMPTY_BODY = YES;
				CLANG_WARN_ENUM_CONVERSION = YES;
				CLANG_WARN_INFINITE_RECURSION = YES;
				CLANG_WARN_INT_CONVERSION = YES;
				CLANG_WARN_NON_LITERAL_NULL_CONVERSION = YES;
				CLANG_WARN_OBJC_IMPLICIT_RETAIN_SELF = YES;
				CLANG_WARN_OBJC_LITERAL_CONVERSION = YES;
				CLANG_WARN_OBJC_ROOT_CLASS = YES_ERROR;
				CLANG_WARN_QUOTED_INCLUDE_IN_FRAMEWORK_HEADER = YES;
				CLANG_WARN_RANGE_LOOP_ANALYSIS = YES;
				CLANG_WARN_STRICT_PROTOTYPES = YES;
				CLANG_WARN_SUSPICIOUS_MOVE = YES;
				CLANG_WARN_UNGUARDED_AVAILABILITY = YES_AGGRESSIVE;
				CLANG_WARN_UNREACHABLE_CODE = YES;
				CLANG_WARN__DUPLICATE_METHOD_MATCH = YES;
				COPY_PHASE_STRIP = NO;
				DEBUG_INFORMATION_FORMAT = dwarf;
				ENABLE_STRICT_OBJC_MSGSEND = YES;
				ENABLE_TESTABILITY = YES;
				GCC_C_LANGUAGE_STANDARD = gnu11;
				GCC_DYNAMIC_NO_PIC = NO;
				GCC_NO_COMMON_BLOCKS = YES;
				GCC_OPTIMIZATION_LEVEL = 0;
				GCC_PREPROCESSOR_DEFINITIONS = (
					"DEBUG=1",
					"$(inherited)",
				);
				GCC_WARN_64_TO_32_BIT_CONVERSION = YES;
				GCC_WARN_ABOUT_RETURN_TYPE = YES_ERROR;
				GCC_WARN_UNDECLARED_SELECTOR = YES;
				GCC_WARN_UNINITIALIZED_AUTOS = YES_AGGRESSIVE;
				GCC_WARN_UNUSED_FUNCTION = YES;
				GCC_WARN_UNUSED_VARIABLE = YES;
				IPHONEOS_DEPLOYMENT_TARGET = 15.2;
				MTL_ENABLE_DEBUG_INFO = INCLUDE_SOURCE;
				MTL_FAST_MATH = YES;
				ONLY_ACTIVE_ARCH = YES;
				SDKROOT = iphoneos;
				SWIFT_ACTIVE_COMPILATION_CONDITIONS = DEBUG;
				SWIFT_OPTIMIZATION_LEVEL = "-Onone";
			};
			name = Debug;
		};
		AE4AA32827CF4E9600F2149D /* Release */ = {
			isa = XCBuildConfiguration;
			buildSettings = {
				ALWAYS_SEARCH_USER_PATHS = NO;
				CLANG_ANALYZER_NONNULL = YES;
				CLANG_ANALYZER_NUMBER_OBJECT_CONVERSION = YES_AGGRESSIVE;
				CLANG_CXX_LANGUAGE_STANDARD = "gnu++17";
				CLANG_CXX_LIBRARY = "libc++";
				CLANG_ENABLE_MODULES = YES;
				CLANG_ENABLE_OBJC_ARC = YES;
				CLANG_ENABLE_OBJC_WEAK = YES;
				CLANG_WARN_BLOCK_CAPTURE_AUTORELEASING = YES;
				CLANG_WARN_BOOL_CONVERSION = YES;
				CLANG_WARN_COMMA = YES;
				CLANG_WARN_CONSTANT_CONVERSION = YES;
				CLANG_WARN_DEPRECATED_OBJC_IMPLEMENTATIONS = YES;
				CLANG_WARN_DIRECT_OBJC_ISA_USAGE = YES_ERROR;
				CLANG_WARN_DOCUMENTATION_COMMENTS = YES;
				CLANG_WARN_EMPTY_BODY = YES;
				CLANG_WARN_ENUM_CONVERSION = YES;
				CLANG_WARN_INFINITE_RECURSION = YES;
				CLANG_WARN_INT_CONVERSION = YES;
				CLANG_WARN_NON_LITERAL_NULL_CONVERSION = YES;
				CLANG_WARN_OBJC_IMPLICIT_RETAIN_SELF = YES;
				CLANG_WARN_OBJC_LITERAL_CONVERSION = YES;
				CLANG_WARN_OBJC_ROOT_CLASS = YES_ERROR;
				CLANG_WARN_QUOTED_INCLUDE_IN_FRAMEWORK_HEADER = YES;
				CLANG_WARN_RANGE_LOOP_ANALYSIS = YES;
				CLANG_WARN_STRICT_PROTOTYPES = YES;
				CLANG_WARN_SUSPICIOUS_MOVE = YES;
				CLANG_WARN_UNGUARDED_AVAILABILITY = YES_AGGRESSIVE;
				CLANG_WARN_UNREACHABLE_CODE = YES;
				CLANG_WARN__DUPLICATE_METHOD_MATCH = YES;
				COPY_PHASE_STRIP = NO;
				DEBUG_INFORMATION_FORMAT = "dwarf-with-dsym";
				ENABLE_NS_ASSERTIONS = NO;
				ENABLE_STRICT_OBJC_MSGSEND = YES;
				GCC_C_LANGUAGE_STANDARD = gnu11;
				GCC_NO_COMMON_BLOCKS = YES;
				GCC_WARN_64_TO_32_BIT_CONVERSION = YES;
				GCC_WARN_ABOUT_RETURN_TYPE = YES_ERROR;
				GCC_WARN_UNDECLARED_SELECTOR = YES;
				GCC_WARN_UNINITIALIZED_AUTOS = YES_AGGRESSIVE;
				GCC_WARN_UNUSED_FUNCTION = YES;
				GCC_WARN_UNUSED_VARIABLE = YES;
				IPHONEOS_DEPLOYMENT_TARGET = 15.2;
				MTL_ENABLE_DEBUG_INFO = NO;
				MTL_FAST_MATH = YES;
				SDKROOT = iphoneos;
				SWIFT_COMPILATION_MODE = wholemodule;
				SWIFT_OPTIMIZATION_LEVEL = "-O";
				VALIDATE_PRODUCT = YES;
			};
			name = Release;
		};
		AE4AA32A27CF4E9600F2149D /* Debug */ = {
			isa = XCBuildConfiguration;
			buildSettings = {
				ASSETCATALOG_COMPILER_APPICON_NAME = AppIcon;
				ASSETCATALOG_COMPILER_GLOBAL_ACCENT_COLOR_NAME = AccentColor;
				CODE_SIGN_STYLE = Automatic;
				CURRENT_PROJECT_VERSION = 1;
				DEVELOPMENT_TEAM = 3GVRW7V4Q4;
				GENERATE_INFOPLIST_FILE = YES;
				INFOPLIST_FILE = Chess/Info.plist;
				INFOPLIST_KEY_UIApplicationSupportsIndirectInputEvents = YES;
				INFOPLIST_KEY_UILaunchStoryboardName = LaunchScreen;
				INFOPLIST_KEY_UIMainStoryboardFile = Main;
				INFOPLIST_KEY_UIStatusBarHidden = YES;
				INFOPLIST_KEY_UISupportedInterfaceOrientations_iPad = "UIInterfaceOrientationPortrait UIInterfaceOrientationPortraitUpsideDown UIInterfaceOrientationLandscapeLeft UIInterfaceOrientationLandscapeRight";
				INFOPLIST_KEY_UISupportedInterfaceOrientations_iPhone = "UIInterfaceOrientationPortrait UIInterfaceOrientationLandscapeLeft UIInterfaceOrientationLandscapeRight";
				IPHONEOS_DEPLOYMENT_TARGET = 15.1;
				LD_RUNPATH_SEARCH_PATHS = (
					"$(inherited)",
					"@executable_path/Frameworks",
				);
				MARKETING_VERSION = 1.0;
				PRODUCT_BUNDLE_IDENTIFIER = "William-Becht.Chess";
				PRODUCT_NAME = "$(TARGET_NAME)";
				SWIFT_EMIT_LOC_STRINGS = YES;
				SWIFT_VERSION = 5.0;
				TARGETED_DEVICE_FAMILY = 1;
			};
			name = Debug;
		};
		AE4AA32B27CF4E9600F2149D /* Release */ = {
			isa = XCBuildConfiguration;
			buildSettings = {
				ASSETCATALOG_COMPILER_APPICON_NAME = AppIcon;
				ASSETCATALOG_COMPILER_GLOBAL_ACCENT_COLOR_NAME = AccentColor;
				CODE_SIGN_STYLE = Automatic;
				CURRENT_PROJECT_VERSION = 1;
				DEVELOPMENT_TEAM = 3GVRW7V4Q4;
				GENERATE_INFOPLIST_FILE = YES;
				INFOPLIST_FILE = Chess/Info.plist;
				INFOPLIST_KEY_UIApplicationSupportsIndirectInputEvents = YES;
				INFOPLIST_KEY_UILaunchStoryboardName = LaunchScreen;
				INFOPLIST_KEY_UIMainStoryboardFile = Main;
				INFOPLIST_KEY_UIStatusBarHidden = YES;
				INFOPLIST_KEY_UISupportedInterfaceOrientations_iPad = "UIInterfaceOrientationPortrait UIInterfaceOrientationPortraitUpsideDown UIInterfaceOrientationLandscapeLeft UIInterfaceOrientationLandscapeRight";
				INFOPLIST_KEY_UISupportedInterfaceOrientations_iPhone = "UIInterfaceOrientationPortrait UIInterfaceOrientationLandscapeLeft UIInterfaceOrientationLandscapeRight";
				IPHONEOS_DEPLOYMENT_TARGET = 15.1;
				LD_RUNPATH_SEARCH_PATHS = (
					"$(inherited)",
					"@executable_path/Frameworks",
				);
				MARKETING_VERSION = 1.0;
				PRODUCT_BUNDLE_IDENTIFIER = "William-Becht.Chess";
				PRODUCT_NAME = "$(TARGET_NAME)";
				SWIFT_EMIT_LOC_STRINGS = YES;
				SWIFT_VERSION = 5.0;
				TARGETED_DEVICE_FAMILY = 1;
			};
			name = Release;
		};
/* End XCBuildConfiguration section */

/* Begin XCConfigurationList section */
		AE4AA30D27CF4E9500F2149D /* Build configuration list for PBXProject "Chess" */ = {
			isa = XCConfigurationList;
			buildConfigurations = (
				AE4AA32727CF4E9600F2149D /* Debug */,
				AE4AA32827CF4E9600F2149D /* Release */,
			);
			defaultConfigurationIsVisible = 0;
			defaultConfigurationName = Release;
		};
		AE4AA32927CF4E9600F2149D /* Build configuration list for PBXNativeTarget "Chess" */ = {
			isa = XCConfigurationList;
			buildConfigurations = (
				AE4AA32A27CF4E9600F2149D /* Debug */,
				AE4AA32B27CF4E9600F2149D /* Release */,
			);
			defaultConfigurationIsVisible = 0;
			defaultConfigurationName = Release;
		};
/* End XCConfigurationList section */
	};
	rootObject = AE4AA30A27CF4E9500F2149D /* Project object */;
}
